{
  "nodes": {
    "hedgehog-classes-src": {
      "flake": false,
      "locked": {
        "lastModified": 1681221812,
        "narHash": "sha256-SsNV9rBDa3/yiZjpkV1qtWDc16zEAdopSyg8Ay3ik+I=",
        "owner": "hedgehogqa",
        "repo": "haskell-hedgehog-classes",
        "rev": "9c781bdd55acf2542dee26682679c65c7b145a3e",
        "type": "github"
      },
      "original": {
        "owner": "hedgehogqa",
        "repo": "haskell-hedgehog-classes",
        "type": "github"
      }
    },
    "hedgehog-src": {
      "flake": false,
      "locked": {
        "dir": "hedgehog",
        "lastModified": 1686309047,
        "narHash": "sha256-ICQWUWxTil1av5c2G6gqEKvBTud8QxhCIZmQWrEjmVg=",
        "owner": "hedgehogqa",
        "repo": "haskell-hedgehog",
        "rev": "2fd068ca2e00d266e211f19cb4210e6785561826",
        "type": "github"
      },
      "original": {
        "dir": "hedgehog",
        "owner": "hedgehogqa",
        "repo": "haskell-hedgehog",
        "type": "github"
      }
    },
    "levers": {
      "inputs": {
        "nixpkgs": [
          "nixpkgs"
        ]
      },
      "locked": {
        "lastModified": 1685118179,
        "narHash": "sha256-fN8DOW13BlpqaHkGeLkjNcWHo7h/aJzrA8tKT72ZS1w=",
        "owner": "kquick",
        "repo": "nix-levers",
        "rev": "ce1b33cbf5a34ecebce6ca4724e3bcd11283287b",
        "type": "github"
      },
      "original": {
        "owner": "kquick",
        "repo": "nix-levers",
        "type": "github"
      }
    },
    "nixpkgs": {
      "locked": {
        "lastModified": 1685566663,
        "narHash": "sha256-btHN1czJ6rzteeCuE/PNrdssqYD2nIA4w48miQAFloM=",
        "owner": "nixos",
        "repo": "nixpkgs",
        "rev": "4ecab3273592f27479a583fb6d975d4aba3486fe",
        "type": "github"
      },
      "original": {
        "owner": "nixos",
        "ref": "23.05",
        "repo": "nixpkgs",
        "type": "github"
      }
    },
    "parameterized-utils-src": {
      "flake": false,
      "locked": {
        "lastModified": 1684943202,
        "narHash": "sha256-v3qww1qyqgwcD67PQotinNiaqTBitnAVhDDflCwkrK0=",
        "owner": "galoisinc",
        "repo": "parameterized-utils",
        "rev": "77e065a3e90e91e336838dc6591ca42ab9c7d887",
        "type": "github"
      },
      "original": {
        "owner": "galoisinc",
        "repo": "parameterized-utils",
        "type": "github"
      }
    },
    "root": {
      "inputs": {
        "hedgehog-classes-src": "hedgehog-classes-src",
        "hedgehog-src": "hedgehog-src",
        "levers": "levers",
        "nixpkgs": "nixpkgs",
        "parameterized-utils-src": "parameterized-utils-src",
        "sayable": "sayable",
        "tasty-checklist": "tasty-checklist",
        "tasty-hedgehog-src": "tasty-hedgehog-src"
      }
    },
    "sayable": {
      "inputs": {
        "levers": [
          "levers"
        ],
        "nixpkgs": [
          "nixpkgs"
        ]
      },
      "locked": {
        "lastModified": 1687302989,
        "narHash": "sha256-F0LthsXETOAc0ORlweGaPUDNEgXw4shZ/tSfltSMWj4=",
        "owner": "kquick",
        "repo": "sayable",
        "rev": "f984746cb48a19fcce677b4b6b0489cd1f6959ef",
        "type": "github"
      },
      "original": {
        "owner": "kquick",
        "repo": "sayable",
        "type": "github"
      }
    },
    "tasty-checklist": {
      "inputs": {
        "hedgehog-classes-src": [
          "hedgehog-classes-src"
        ],
        "hedgehog-src": [
          "hedgehog-src"
        ],
        "levers": [
          "levers"
        ],
        "nixpkgs": [
          "nixpkgs"
        ],
        "parameterized-utils-src": [
          "parameterized-utils-src"
        ],
        "tasty-expected-failure-src": "tasty-expected-failure-src",
        "tasty-hedgehog-src": [
          "tasty-hedgehog-src"
        ]
      },
      "locked": {
        "lastModified": 1681600529,
        "narHash": "sha256-h/dJZ/dx84h6ckmK8K7pvW4kNxy3MI1VvErTM2VXfCw=",
        "owner": "kquick",
        "repo": "tasty-checklist",
        "rev": "eb3b44a1918a51e66f89f5e68466c5bdf890dbd6",
        "type": "github"
      },
      "original": {
        "owner": "kquick",
        "repo": "tasty-checklist",
        "type": "github"
      }
    },
    "tasty-expected-failure-src": {
      "flake": false,
      "locked": {
        "lastModified": 1613494231,
        "narHash": "sha256-C/IWktTILklfPEAht/RE4IC8to6MrvrLmmbqgWsJlIM=",
        "owner": "nomeata",
        "repo": "tasty-expected-failure",
        "rev": "33b71e694b954e35c05859fff3ca886d8cfe5bfe",
        "type": "github"
      },
      "original": {
        "owner": "nomeata",
        "repo": "tasty-expected-failure",
        "type": "github"
      }
    },
    "tasty-hedgehog-src": {
      "flake": false,
      "locked": {
        "lastModified": 1678874826,
        "narHash": "sha256-QMSIrJInZe8kwAfJn0jGr2JScdqu1X5uMFwYSJ4ptjk=",
        "owner": "qfpl",
        "repo": "tasty-hedgehog",
        "rev": "3c254e1b012ec2cb3f39801e2adf55b4c72432fa",
        "type": "github"
      },
      "original": {
        "owner": "qfpl",
        "repo": "tasty-hedgehog",
        "type": "github"
      }
    }
  },
  "root": "root",
  "version": 7
}
